
Microsoft Visual Studio Solution File, Format Version 12.00
# Visual Studio Version 17
VisualStudioVersion = 17.7.34031.279
MinimumVisualStudioVersion = 10.0.40219.1
Project("{FAE04EC0-301F-11D3-BF4B-00C04F79EFBC}") = "pr29savichev", "pr29savichev.csproj", "{E566C2E6-A04E-40A2-A94A-F168143F7DCD}"
EndProject
Global
	GlobalSection(SolutionConfigurationPlatforms) = preSolution
		Debug|Any CPU = Debug|Any CPU
		Release|Any CPU = Release|Any CPU
	EndGlobalSection
	GlobalSection(ProjectConfigurationPlatforms) = postSolution
		{E566C2E6-A04E-40A2-A94A-F168143F7DCD}.Debug|Any CPU.ActiveCfg = Debug|Any CPU
		{E566C2E6-A04E-40A2-A94A-F168143F7DCD}.Debug|Any CPU.Build.0 = Debug|Any CPU
		{E566C2E6-A04E-40A2-A94A-F168143F7DCD}.Release|Any CPU.ActiveCfg = Release|Any CPU
		{E566C2E6-A04E-40A2-A94A-F168143F7DCD}.Release|Any CPU.Build.0 = Release|Any CPU
	EndGlobalSection
	GlobalSection(SolutionProperties) = preSolution
		HideSolutionNode = FALSE
	EndGlobalSection
	GlobalSection(ExtensibilityGlobals) = postSolution
		SolutionGuid = {87BD8F6E-12D2-42D3-B11E-CEA8255DA7DB}
	EndGlobalSection
EndGlobal
